// !$*UTF8*$!
{
	archiveVersion = 1;
	classes = {
	};
	objectVersion = 48;
	objects = {

/* Begin PBXBuildFile section */
		ABB8E29C202FD50000E6509B /* AppDelegate.m in Sources */ = {isa = PBXBuildFile; fileRef = ABB8E29B202FD50000E6509B /* AppDelegate.m */; };
		ABB8E29F202FD50000E6509B /* ViewController.m in Sources */ = {isa = PBXBuildFile; fileRef = ABB8E29E202FD50000E6509B /* ViewController.m */; };
		ABB8E2A2202FD50000E6509B /* Main.storyboard in Resources */ = {isa = PBXBuildFile; fileRef = ABB8E2A0202FD50000E6509B /* Main.storyboard */; };
		ABB8E2A4202FD50000E6509B /* Assets.xcassets in Resources */ = {isa = PBXBuildFile; fileRef = ABB8E2A3202FD50000E6509B /* Assets.xcassets */; };
		ABB8E2A7202FD50000E6509B /* LaunchScreen.storyboard in Resources */ = {isa = PBXBuildFile; fileRef = ABB8E2A5202FD50000E6509B /* LaunchScreen.storyboard */; };
		ABB8E2AA202FD50000E6509B /* main.m in Sources */ = {isa = PBXBuildFile; fileRef = ABB8E2A9202FD50000E6509B /* main.m */; };
		ABB8E2BA202FDE5B00E6509B /* UITextField+Limit.m in Sources */ = {isa = PBXBuildFile; fileRef = ABB8E2B9202FDE5B00E6509B /* UITextField+Limit.m */; };
/* End PBXBuildFile section */

/* Begin PBXFileReference section */
		ABB8E297202FD50000E6509B /* 输出限制.app */ = {isa = PBXFileReference; explicitFileType = wrapper.application; includeInIndex = 0; path = "输出限制.app"; sourceTree = BUILT_PRODUCTS_DIR; };
		ABB8E29A202FD50000E6509B /* AppDelegate.h */ = {isa = PBXFileReference; lastKnownFileType = sourcecode.c.h; path = AppDelegate.h; sourceTree = "<group>"; };
		ABB8E29B202FD50000E6509B /* AppDelegate.m */ = {isa = PBXFileReference; lastKnownFileType = sourcecode.c.objc; path = AppDelegate.m; sourceTree = "<group>"; };
		ABB8E29D202FD50000E6509B /* ViewController.h */ = {isa = PBXFileReference; lastKnownFileType = sourcecode.c.h; path = ViewController.h; sourceTree = "<group>"; };
		ABB8E29E202FD50000E6509B /* ViewController.m */ = {isa = PBXFileReference; lastKnownFileType = sourcecode.c.objc; path = ViewController.m; sourceTree = "<group>"; };
		ABB8E2A1202FD50000E6509B /* Base */ = {isa = PBXFileReference; lastKnownFileType = file.storyboard; name = Base; path = Base.lproj/Main.storyboard; sourceTree = "<group>"; };
		ABB8E2A3202FD50000E6509B /* Assets.xcassets */ = {isa = PBXFileReference; lastKnownFileType = folder.assetcatalog; path = Assets.xcassets; sourceTree = "<group>"; };
		ABB8E2A6202FD50000E6509B /* Base */ = {isa = PBXFileReference; lastKnownFileType = file.storyboard; name = Base; path = Base.lproj/LaunchScreen.storyboard; sourceTree = "<group>"; };
		ABB8E2A8202FD50000E6509B /* Info.plist */ = {isa = PBXFileReference; lastKnownFileType = text.plist.xml; path = Info.plist; sourceTree = "<group>"; };
		ABB8E2A9202FD50000E6509B /* main.m */ = {isa = PBXFileReference; lastKnownFileType = sourcecode.c.objc; path = main.m; sourceTree = "<group>"; };
		ABB8E2B8202FDE5B00E6509B /* UITextField+Limit.h */ = {isa = PBXFileReference; lastKnownFileType = sourcecode.c.h; path = "UITextField+Limit.h"; sourceTree = "<group>"; };
		ABB8E2B9202FDE5B00E6509B /* UITextField+Limit.m */ = {isa = PBXFileReference; lastKnownFileType = sourcecode.c.objc; path = "UITextField+Limit.m"; sourceTree = "<group>"; };
/* End PBXFileReference section */

/* Begin PBXFrameworksBuildPhase section */
		ABB8E294202FD50000E6509B /* Frameworks */ = {
			isa = PBXFrameworksBuildPhase;
			buildActionMask = 2147483647;
			files = (
			);
			runOnlyForDeploymentPostprocessing = 0;
		};
/* End PBXFrameworksBuildPhase section */

/* Begin PBXGroup section */
		ABB8E28E202FD50000E6509B = {
			isa = PBXGroup;
			children = (
				ABB8E2B8202FDE5B00E6509B /* UITextField+Limit.h */,
				ABB8E2B9202FDE5B00E6509B /* UITextField+Limit.m */,
				ABB8E299202FD50000E6509B /* 输出限制 */,
				ABB8E298202FD50000E6509B /* Products */,
			);
			sourceTree = "<group>";
		};
		ABB8E298202FD50000E6509B /* Products */ = {
			isa = PBXGroup;
			children = (
				ABB8E297202FD50000E6509B /* 输出限制.app */,
			);
			name = Products;
			sourceTree = "<group>";
		};
		ABB8E299202FD50000E6509B /* 输出限制 */ = {
			isa = PBXGroup;
			children = (
				ABB8E29A202FD50000E6509B /* AppDelegate.h */,
				ABB8E29B202FD50000E6509B /* AppDelegate.m */,
				ABB8E29D202FD50000E6509B /* ViewController.h */,
				ABB8E29E202FD50000E6509B /* ViewController.m */,
				ABB8E2A0202FD50000E6509B /* Main.storyboard */,
				ABB8E2A3202FD50000E6509B /* Assets.xcassets */,
				ABB8E2A5202FD50000E6509B /* LaunchScreen.storyboard */,
				ABB8E2A8202FD50000E6509B /* Info.plist */,
				ABB8E2A9202FD50000E6509B /* main.m */,
			);
			path = "输出限制";
			sourceTree = "<group>";
		};
/* End PBXGroup section */

/* Begin PBXNativeTarget section */
		ABB8E296202FD50000E6509B /* 输出限制 */ = {
			isa = PBXNativeTarget;
			buildConfigurationList = ABB8E2AD202FD50000E6509B /* Build configuration list for PBXNativeTarget "输出限制" */;
			buildPhases = (
				ABB8E293202FD50000E6509B /* Sources */,
				ABB8E294202FD50000E6509B /* Frameworks */,
				ABB8E295202FD50000E6509B /* Resources */,
			);
			buildRules = (
			);
			dependencies = (
			);
			name = "输出限制";
			productName = "输出限制";
			productReference = ABB8E297202FD50000E6509B /* 输出限制.app */;
			productType = "com.apple.product-type.application";
		};
/* End PBXNativeTarget section */

/* Begin PBXProject section */
		ABB8E28F202FD50000E6509B /* Project object */ = {
			isa = PBXProject;
			attributes = {
				LastUpgradeCheck = 0910;
				ORGANIZATIONNAME = lishuang;
				TargetAttributes = {
					ABB8E296202FD50000E6509B = {
						CreatedOnToolsVersion = 9.1;
						ProvisioningStyle = Automatic;
					};
				};
			};
			buildConfigurationList = ABB8E292202FD50000E6509B /* Build configuration list for PBXProject "输出限制" */;
			compatibilityVersion = "Xcode 8.0";
			developmentRegion = en;
			hasScannedForEncodings = 0;
			knownRegions = (
				en,
				Base,
			);
			mainGroup = ABB8E28E202FD50000E6509B;
			productRefGroup = ABB8E298202FD50000E6509B /* Products */;
			projectDirPath = "";
			projectRoot = "";
			targets = (
				ABB8E296202FD50000E6509B /* 输出限制 */,
			);
		};
/* End PBXProject section */

/* Begin PBXResourcesBuildPhase section */
		ABB8E295202FD50000E6509B /* Resources */ = {
			isa = PBXResourcesBuildPhase;
			buildActionMask = 2147483647;
			files = (
				ABB8E2A7202FD50000E6509B /* LaunchScreen.storyboard in Resources */,
				ABB8E2A4202FD50000E6509B /* Assets.xcassets in Resources */,
				ABB8E2A2202FD50000E6509B /* Main.storyboard in Resources */,
			);
			runOnlyForDeploymentPostprocessing = 0;
		};
/* End PBXResourcesBuildPhase section */

/* Begin PBXSourcesBuildPhase section */
		ABB8E293202FD50000E6509B /* Sources */ = {
			isa = PBXSourcesBuildPhase;
			buildActionMask = 2147483647;
			files = (
				ABB8E29F202FD50000E6509B /* ViewController.m in Sources */,
				ABB8E2BA202FDE5B00E6509B /* UITextField+Limit.m in Sources */,
				ABB8E2AA202FD50000E6509B /* main.m in Sources */,
				ABB8E29C202FD50000E6509B /* AppDelegate.m in Sources */,
			);
			runOnlyForDeploymentPostprocessing = 0;
		};
/* End PBXSourcesBuildPhase section */

/* Begin PBXVariantGroup section */
		ABB8E2A0202FD50000E6509B /* Main.storyboard */ = {
			isa = PBXVariantGroup;
			children = (
				ABB8E2A1202FD50000E6509B /* Base */,
			);
			name = Main.storyboard;
			sourceTree = "<group>";
		};
		ABB8E2A5202FD50000E6509B /* LaunchScreen.storyboard */ = {
			isa = PBXVariantGroup;
			children = (
				ABB8E2A6202FD50000E6509B /* Base */,
			);
			name = LaunchScreen.storyboard;
			sourceTree = "<group>";
		};
/* End PBXVariantGroup section */

/* Begin XCBuildConfiguration section */
		ABB8E2AB202FD50000E6509B /* Debug */ = {
			isa = XCBuildConfiguration;
			buildSettings = {
				ALWAYS_SEARCH_USER_PATHS = NO;
				CLANG_ANALYZER_NONNULL = YES;
				CLANG_ANALYZER_NUMBER_OBJECT_CONVERSION = YES_AGGRESSIVE;
				CLANG_CXX_LANGUAGE_STANDARD = "gnu++14";
				CLANG_CXX_LIBRARY = "libc++";
				CLANG_ENABLE_MODULES = YES;
				CLANG_ENABLE_OBJC_ARC = YES;
				CLANG_WARN_BLOCK_CAPTURE_AUTORELEASING = YES;
				CLANG_WARN_BOOL_CONVERSION = YES;
				CLANG_WARN_COMMA = YES;
				CLANG_WARN_CONSTANT_CONVERSION = YES;
				CLANG_WARN_DIRECT_OBJC_ISA_USAGE = YES_ERROR;
				CLANG_WARN_DOCUMENTATION_COMMENTS = YES;
				CLANG_WARN_EMPTY_BODY = YES;
				CLANG_WARN_ENUM_CONVERSION = YES;
				CLANG_WARN_INFINITE_RECURSION = YES;
				CLANG_WARN_INT_CONVERSION = YES;
				CLANG_WARN_NON_LITERAL_NULL_CONVERSION = YES;
				CLANG_WARN_OBJC_LITERAL_CONVERSION = YES;
				CLANG_WARN_OBJC_ROOT_CLASS = YES_ERROR;
				CLANG_WARN_RANGE_LOOP_ANALYSIS = YES;
				CLANG_WARN_STRICT_PROTOTYPES = YES;
				CLANG_WARN_SUSPICIOUS_MOVE = YES;
				CLANG_WARN_UNGUARDED_AVAILABILITY = YES_AGGRESSIVE;
				CLANG_WARN_UNREACHABLE_CODE = YES;
				CLANG_WARN__DUPLICATE_METHOD_MATCH = YES;
				CODE_SIGN_IDENTITY = "iPhone Developer";
				COPY_PHASE_STRIP = NO;
				DEBUG_INFORMATION_FORMAT = dwarf;
				ENABLE_STRICT_OBJC_MSGSEND = YES;
				ENABLE_TESTABILITY = YES;
				GCC_C_LANGUAGE_STANDARD = gnu11;
				GCC_DYNAMIC_NO_PIC = NO;
				GCC_NO_COMMON_BLOCKS = YES;
				GCC_OPTIMIZATION_LEVEL = 0;
				GCC_PREPROCESSOR_DEFINITIONS = (
					"DEBUG=1",
					"$(inherited)",
				);
				GCC_WARN_64_TO_32_BIT_CONVERSION = YES;
				GCC_WARN_ABOUT_RETURN_TYPE = YES_ERROR;
				GCC_WARN_UNDECLARED_SELECTOR = YES;
				GCC_WARN_UNINITIALIZED_AUTOS = YES_AGGRESSIVE;
				GCC_WARN_UNUSED_FUNCTION = YES;
				GCC_WARN_UNUSED_VARIABLE = YES;
				IPHONEOS_DEPLOYMENT_TARGET = 11.1;
				MTL_ENABLE_DEBUG_INFO = YES;
				ONLY_ACTIVE_ARCH = YES;
				SDKROOT = iphoneos;
			};
			name = Debug;
		};
		ABB8E2AC202FD50000E6509B /* Release */ = {
			isa = XCBuildConfiguration;
			buildSettings = {
				ALWAYS_SEARCH_USER_PATHS = NO;
				CLANG_ANALYZER_NONNULL = YES;
				CLANG_ANALYZER_NUMBER_OBJECT_CONVERSION = YES_AGGRESSIVE;
				CLANG_CXX_LANGUAGE_STANDARD = "gnu++14";
				CLANG_CXX_LIBRARY = "libc++";
				CLANG_ENABLE_MODULES = YES;
				CLANG_ENABLE_OBJC_ARC = YES;
				CLANG_WARN_BLOCK_CAPTURE_AUTORELEASING = YES;
				CLANG_WARN_BOOL_CONVERSION = YES;
				CLANG_WARN_COMMA = YES;
				CLANG_WARN_CONSTANT_CONVERSION = YES;
				CLANG_WARN_DIRECT_OBJC_ISA_USAGE = YES_ERROR;
				CLANG_WARN_DOCUMENTATION_COMMENTS = YES;
				CLANG_WARN_EMPTY_BODY = YES;
				CLANG_WARN_ENUM_CONVERSION = YES;
				CLANG_WARN_INFINITE_RECURSION = YES;
				CLANG_WARN_INT_CONVERSION = YES;
				CLANG_WARN_NON_LITERAL_NULL_CONVERSION = YES;
				CLANG_WARN_OBJC_LITERAL_CONVERSION = YES;
				CLANG_WARN_OBJC_ROOT_CLASS = YES_ERROR;
				CLANG_WARN_RANGE_LOOP_ANALYSIS = YES;
				CLANG_WARN_STRICT_PROTOTYPES = YES;
				CLANG_WARN_SUSPICIOUS_MOVE = YES;
				CLANG_WARN_UNGUARDED_AVAILABILITY = YES_AGGRESSIVE;
				CLANG_WARN_UNREACHABLE_CODE = YES;
				CLANG_WARN__DUPLICATE_METHOD_MATCH = YES;
				CODE_SIGN_IDENTITY = "iPhone Developer";
				COPY_PHASE_STRIP = NO;
				DEBUG_INFORMATION_FORMAT = "dwarf-with-dsym";
				ENABLE_NS_ASSERTIONS = NO;
				ENABLE_STRICT_OBJC_MSGSEND = YES;
				GCC_C_LANGUAGE_STANDARD = gnu11;
				GCC_NO_COMMON_BLOCKS = YES;
				GCC_WARN_64_TO_32_BIT_CONVERSION = YES;
				GCC_WARN_ABOUT_RETURN_TYPE = YES_ERROR;
				GCC_WARN_UNDECLARED_SELECTOR = YES;
				GCC_WARN_UNINITIALIZED_AUTOS = YES_AGGRESSIVE;
				GCC_WARN_UNUSED_FUNCTION = YES;
				GCC_WARN_UNUSED_VARIABLE = YES;
				IPHONEOS_DEPLOYMENT_TARGET = 11.1;
				MTL_ENABLE_DEBUG_INFO = NO;
				SDKROOT = iphoneos;
				VALIDATE_PRODUCT = YES;
			};
			name = Release;
		};
		ABB8E2AE202FD50000E6509B /* Debug */ = {
			isa = XCBuildConfiguration;
			buildSettings = {
				ASSETCATALOG_COMPILER_APPICON_NAME = AppIcon;
				CODE_SIGN_STYLE = Automatic;
				DEVELOPMENT_TEAM = XF5VKE6MWY;
				INFOPLIST_FILE = "输出限制/Info.plist";
				LD_RUNPATH_SEARCH_PATHS = "$(inherited) @executable_path/Frameworks";
				PRODUCT_BUNDLE_IDENTIFIER = "LS.zhanyi.----";
				PRODUCT_NAME = "$(TARGET_NAME)";
				TARGETED_DEVICE_FAMILY = "1,2";
			};
			name = Debug;
		};
		ABB8E2AF202FD50000E6509B /* Release */ = {
			isa = XCBuildConfiguration;
			buildSettings = {
				ASSETCATALOG_COMPILER_APPICON_NAME = AppIcon;
				CODE_SIGN_STYLE = Automatic;
				DEVELOPMENT_TEAM = XF5VKE6MWY;
				INFOPLIST_FILE = "输出限制/Info.plist";
				LD_RUNPATH_SEARCH_PATHS = "$(inherited) @executable_path/Frameworks";
				PRODUCT_BUNDLE_IDENTIFIER = "LS.zhanyi.----";
				PRODUCT_NAME = "$(TARGET_NAME)";
				TARGETED_DEVICE_FAMILY = "1,2";
			};
			name = Release;
		};
/* End XCBuildConfiguration section */

/* Begin XCConfigurationList section */
		ABB8E292202FD50000E6509B /* Build configuration list for PBXProject "输出限制" */ = {
			isa = XCConfigurationList;
			buildConfigurations = (
				ABB8E2AB202FD50000E6509B /* Debug */,
				ABB8E2AC202FD50000E6509B /* Release */,
			);
			defaultConfigurationIsVisible = 0;
			defaultConfigurationName = Release;
		};
		ABB8E2AD202FD50000E6509B /* Build configuration list for PBXNativeTarget "输出限制" */ = {
			isa = XCConfigurationList;
			buildConfigurations = (
				ABB8E2AE202FD50000E6509B /* Debug */,
				ABB8E2AF202FD50000E6509B /* Release */,
			);
			defaultConfigurationIsVisible = 0;
			defaultConfigurationName = Release;
		};
/* End XCConfigurationList section */
	};
	rootObject = ABB8E28F202FD50000E6509B /* Project object */;
}
